# THIS IS AN AUTOGENERATED FILE. DO NOT EDIT THIS FILE DIRECTLY.
# yarn lockfile v1


"accepts@~1.3.3":
  "integrity" "sha1-w8p0NJOGSMPg2cHjKN1otiLChMo="
  "resolved" "https://registry.npmjs.org/accepts/-/accepts-1.3.3.tgz"
  "version" "1.3.3"
  dependencies:
    "mime-types" "~2.1.11"
    "negotiator" "0.6.1"

"array-flatten@1.1.1":
  "integrity" "sha1-ml9pkFGx5wczKPKgCJaLZOopVdI="
  "resolved" "https://registry.npmjs.org/array-flatten/-/array-flatten-1.1.1.tgz"
  "version" "1.1.1"

"basic-auth@~1.1.0":
  "integrity" "sha1-RSIe5Cn37h5QNb4/UVM/HN/SmIQ="
  "resolved" "https://registry.npmjs.org/basic-auth/-/basic-auth-1.1.0.tgz"
  "version" "1.1.0"

"body-parser@^1.16.1":
  "integrity" "sha1-UVQNBFrfp6DGmVoBS7ax7ZuAIyk="
  "resolved" "https://registry.npmjs.org/body-parser/-/body-parser-1.16.1.tgz"
  "version" "1.16.1"
  dependencies:
    "bytes" "2.4.0"
    "content-type" "~1.0.2"
    "debug" "2.6.1"
    "depd" "~1.1.0"
    "http-errors" "~1.5.1"
    "iconv-lite" "0.4.15"
    "on-finished" "~2.3.0"
    "qs" "6.2.1"
    "raw-body" "~2.2.0"
    "type-is" "~1.6.14"

"bytes@2.3.0":
  "integrity" "sha1-1baAoWW2IBc5rLYRVCqrwtjOsHA="
  "resolved" "https://registry.npmjs.org/bytes/-/bytes-2.3.0.tgz"
  "version" "2.3.0"

"bytes@2.4.0":
  "integrity" "sha1-fZcZb51br39pNeJZhVSe3SpsIzk="
  "resolved" "https://registry.npmjs.org/bytes/-/bytes-2.4.0.tgz"
  "version" "2.4.0"

"compressible@~2.0.8":
  "integrity" "sha1-baq04rWZwncN2eIeeokbHFp1VCU="
  "resolved" "https://registry.npmjs.org/compressible/-/compressible-2.0.9.tgz"
  "version" "2.0.9"
  dependencies:
    "mime-db" ">= 1.24.0 < 2"

"compression@^1.6.2":
  "integrity" "sha1-zOsSHsydCcUtetDDNQ6pPd1AK8M="
  "resolved" "https://registry.npmjs.org/compression/-/compression-1.6.2.tgz"
  "version" "1.6.2"
  dependencies:
    "accepts" "~1.3.3"
    "bytes" "2.3.0"
    "compressible" "~2.0.8"
    "debug" "~2.2.0"
    "on-headers" "~1.0.1"
    "vary" "~1.1.0"

"content-disposition@0.5.2":
  "integrity" "sha1-DPaLud318r55YcOoUXjLhdunjLQ="
  "resolved" "https://registry.npmjs.org/content-disposition/-/content-disposition-0.5.2.tgz"
  "version" "0.5.2"

"content-type@~1.0.2":
  "integrity" "sha1-t9ETrueo3Se9IRM8TcJSnfFyHu0="
  "resolved" "https://registry.npmjs.org/content-type/-/content-type-1.0.2.tgz"
  "version" "1.0.2"

"cookie-signature@1.0.6":
  "integrity" "sha1-4wOogrNCzD7oylE6eZmXNNqzriw="
  "resolved" "https://registry.npmjs.org/cookie-signature/-/cookie-signature-1.0.6.tgz"
  "version" "1.0.6"

"cookie@0.3.1":
  "integrity" "sha1-5+Ch+e9DtMi6klxcWpboBtFoc7s="
  "resolved" "https://registry.npmjs.org/cookie/-/cookie-0.3.1.tgz"
  "version" "0.3.1"

"debug@~2.2.0":
  "integrity" "sha1-+HBX6ZWxofauaklgZkE3vFbwOdo="
  "resolved" "https://registry.npmjs.org/debug/-/debug-2.2.0.tgz"
  "version" "2.2.0"
  dependencies:
    "ms" "0.7.1"

"debug@2.6.1":
  "integrity" "sha1-eYVQkLosTjEVzH2HaUkdWPBJE1E="
  "resolved" "https://registry.npmjs.org/debug/-/debug-2.6.1.tgz"
  "version" "2.6.1"
  dependencies:
    "ms" "0.7.2"

"depd@~1.1.0":
  "integrity" "sha1-4b2Cxqq2ztlluXuIsX7T5SjKGMM="
  "resolved" "https://registry.npmjs.org/depd/-/depd-1.1.0.tgz"
  "version" "1.1.0"

"destroy@~1.0.4":
  "integrity" "sha1-l4hXRCxEdJ5CBmE+N5RiBYJqvYA="
  "resolved" "https://registry.npmjs.org/destroy/-/destroy-1.0.4.tgz"
  "version" "1.0.4"

"ee-first@1.1.1":
  "integrity" "sha1-WQxhFWsK4vTwJVcyoViyZrxWsh0="
  "resolved" "https://registry.npmjs.org/ee-first/-/ee-first-1.1.1.tgz"
  "version" "1.1.1"

"encodeurl@~1.0.1":
  "integrity" "sha1-eePVhlU0aQn+bw9Fpd5oEDspTSA="
  "resolved" "https://registry.npmjs.org/encodeurl/-/encodeurl-1.0.1.tgz"
  "version" "1.0.1"

"escape-html@~1.0.3":
  "integrity" "sha1-Aljq5NPQwJdN4cFpGI7wBR0dGYg="
  "resolved" "https://registry.npmjs.org/escape-html/-/escape-html-1.0.3.tgz"
  "version" "1.0.3"

"etag@~1.7.0":
  "integrity" "sha1-A9MLX2fdbmMtKUXTDWZScxo01dg="
  "resolved" "https://registry.npmjs.org/etag/-/etag-1.7.0.tgz"
  "version" "1.7.0"

"express@^4.14.1":
  "integrity" "sha1-ZGwjf3ZvFIwhIK/wc4F7nk1+DTM="
  "resolved" "https://registry.npmjs.org/express/-/express-4.14.1.tgz"
  "version" "4.14.1"
  dependencies:
    "accepts" "~1.3.3"
    "array-flatten" "1.1.1"
    "content-disposition" "0.5.2"
    "content-type" "~1.0.2"
    "cookie" "0.3.1"
    "cookie-signature" "1.0.6"
    "debug" "~2.2.0"
    "depd" "~1.1.0"
    "encodeurl" "~1.0.1"
    "escape-html" "~1.0.3"
    "etag" "~1.7.0"
    "finalhandler" "0.5.1"
    "fresh" "0.3.0"
    "merge-descriptors" "1.0.1"
    "methods" "~1.1.2"
    "on-finished" "~2.3.0"
    "parseurl" "~1.3.1"
    "path-to-regexp" "0.1.7"
    "proxy-addr" "~1.1.3"
    "qs" "6.2.0"
    "range-parser" "~1.2.0"
    "send" "0.14.2"
    "serve-static" "~1.11.2"
    "type-is" "~1.6.14"
    "utils-merge" "1.0.0"
    "vary" "~1.1.0"

"finalhandler@0.5.1":
  "integrity" "sha1-LEANjUUwk1vCMlScX6OF7Afeb80="
  "resolved" "https://registry.npmjs.org/finalhandler/-/finalhandler-0.5.1.tgz"
  "version" "0.5.1"
  dependencies:
    "debug" "~2.2.0"
    "escape-html" "~1.0.3"
    "on-finished" "~2.3.0"
    "statuses" "~1.3.1"
    "unpipe" "~1.0.0"

"forwarded@~0.1.0":
  "integrity" "sha1-Ge+YdMSuHCl7zweP3mOgm2aoQ2M="
  "resolved" "https://registry.npmjs.org/forwarded/-/forwarded-0.1.0.tgz"
  "version" "0.1.0"

"fresh@0.3.0":
  "integrity" "sha1-ZR+DjiJCTnVm3hYdg1jKoZn4PU8="
  "resolved" "https://registry.npmjs.org/fresh/-/fresh-0.3.0.tgz"
  "version" "0.3.0"

"http-errors@~1.5.1":
  "integrity" "sha1-eIwNLB3iyBuebowBhDtrl+uSB1A="
  "resolved" "https://registry.npmjs.org/http-errors/-/http-errors-1.5.1.tgz"
  "version" "1.5.1"
  dependencies:
    "inherits" "2.0.3"
    "setprototypeof" "1.0.2"
    "statuses" ">= 1.3.1 < 2"

"iconv-lite@0.4.15":
  "integrity" "sha1-/iZaIYrGpXz+hUkn6dBMGYJe3es="
  "resolved" "https://registry.npmjs.org/iconv-lite/-/iconv-lite-0.4.15.tgz"
  "version" "0.4.15"

"inherits@2.0.3":
  "integrity" "sha1-Yzwsg+PaQqUC9SRmAiSA9CCCYd4="
  "resolved" "https://registry.npmjs.org/inherits/-/inherits-2.0.3.tgz"
  "version" "2.0.3"

"ipaddr.js@1.2.0":
  "integrity" "sha1-irpJyRknmVhb3WQ+DMtQ6K53e6Q="
  "resolved" "https://registry.npmjs.org/ipaddr.js/-/ipaddr.js-1.2.0.tgz"
  "version" "1.2.0"

"lodash@^4.17.4":
  "integrity" "sha1-eCA6TRwyiuHYbcpkYONptX9AVa4="
  "resolved" "https://registry.npmjs.org/lodash/-/lodash-4.17.4.tgz"
  "version" "4.17.4"

"media-typer@0.3.0":
  "integrity" "sha1-hxDXrwqmJvj/+hzgAWhUUmMlV0g="
  "resolved" "https://registry.npmjs.org/media-typer/-/media-typer-0.3.0.tgz"
  "version" "0.3.0"

"merge-descriptors@1.0.1":
  "integrity" "sha1-sAqqVW3YtEVoFQ7J0blT8/kMu2E="
  "resolved" "https://registry.npmjs.org/merge-descriptors/-/merge-descriptors-1.0.1.tgz"
  "version" "1.0.1"

"methods@~1.1.2":
  "integrity" "sha1-VSmk1nZUE07cxSZmVoNbD4Ua/O4="
  "resolved" "https://registry.npmjs.org/methods/-/methods-1.1.2.tgz"
  "version" "1.1.2"

"mime-db@>= 1.24.0 < 2", "mime-db@~1.26.0":
  "integrity" "sha1-6v/NDk/Gk1z4E02iRuLmw1MFrf8="
  "resolved" "https://registry.npmjs.org/mime-db/-/mime-db-1.26.0.tgz"
  "version" "1.26.0"

"mime-types@~2.1.11", "mime-types@~2.1.13":
  "integrity" "sha1-9+99l1g/yvO30oK2+LVnnaselO4="
  "resolved" "https://registry.npmjs.org/mime-types/-/mime-types-2.1.14.tgz"
  "version" "2.1.14"
  dependencies:
    "mime-db" "~1.26.0"

"mime@1.3.4":
  "integrity" "sha1-EV+eO2s9rylZmDyzjxSaLUDrXVM="
  "resolved" "https://registry.npmjs.org/mime/-/mime-1.3.4.tgz"
  "version" "1.3.4"

"morgan@^1.8.1":
  "integrity" "sha1-+TAj04h70nt439YCPOp4ku4npLE="
  "resolved" "https://registry.npmjs.org/morgan/-/morgan-1.8.1.tgz"
  "version" "1.8.1"
  dependencies:
    "basic-auth" "~1.1.0"
    "debug" "2.6.1"
    "depd" "~1.1.0"
    "on-finished" "~2.3.0"
    "on-headers" "~1.0.1"

"ms@0.7.1":
  "integrity" "sha1-nNE8A62/8ltl7/3nzoZO6VIBcJg="
  "resolved" "https://registry.npmjs.org/ms/-/ms-0.7.1.tgz"
  "version" "0.7.1"

"ms@0.7.2":
  "integrity" "sha1-riXPJRKziFodldfwN4aNhDESR2U="
  "resolved" "https://registry.npmjs.org/ms/-/ms-0.7.2.tgz"
  "version" "0.7.2"

"negotiator@0.6.1":
  "integrity" "sha1-KzJxhOiZIQEXeyhWP7XnECrNDKk="
  "resolved" "https://registry.npmjs.org/negotiator/-/negotiator-0.6.1.tgz"
  "version" "0.6.1"

"on-finished@~2.3.0":
  "integrity" "sha1-IPEzZIGwg811M3mSoWlxqi2QaUc="
  "resolved" "https://registry.npmjs.org/on-finished/-/on-finished-2.3.0.tgz"
  "version" "2.3.0"
  dependencies:
    "ee-first" "1.1.1"

"on-headers@~1.0.1":
  "integrity" "sha1-ko9dD0cNSTQmUepnlLCFfBAGk/c="
  "resolved" "https://registry.npmjs.org/on-headers/-/on-headers-1.0.1.tgz"
  "version" "1.0.1"

"parseurl@~1.3.1":
  "integrity" "sha1-yKuMkiO6NIiKpkopeyiFO+wY2lY="
  "resolved" "https://registry.npmjs.org/parseurl/-/parseurl-1.3.1.tgz"
  "version" "1.3.1"

"path-to-regexp@0.1.7":
  "integrity" "sha1-32BBeABfUi8V60SQ5yR6G/qmf4w="
  "resolved" "https://registry.npmjs.org/path-to-regexp/-/path-to-regexp-0.1.7.tgz"
  "version" "0.1.7"

"proxy-addr@~1.1.3":
  "integrity" "sha1-3JdQL1ci6IhGez+iKXp7H/R98HQ="
  "resolved" "https://registry.npmjs.org/proxy-addr/-/proxy-addr-1.1.3.tgz"
  "version" "1.1.3"
  dependencies:
    "forwarded" "~0.1.0"
    "ipaddr.js" "1.2.0"

"qs@6.2.0":
  "integrity" "sha1-O3hIwDwt7OaalSKw+ujEEm10Xzs="
  "resolved" "https://registry.npmjs.org/qs/-/qs-6.2.0.tgz"
  "version" "6.2.0"

"qs@6.2.1":
  "integrity" "sha1-zgPF/wk1vB2daanxTL0Y5WjWdiU="
  "resolved" "https://registry.npmjs.org/qs/-/qs-6.2.1.tgz"
  "version" "6.2.1"

"range-parser@~1.2.0":
  "integrity" "sha1-9JvmtIeJTdxA3MlKMi9hEJLgDV4="
  "resolved" "https://registry.npmjs.org/range-parser/-/range-parser-1.2.0.tgz"
  "version" "1.2.0"

"raw-body@~2.2.0":
  "integrity" "sha1-mUl2z2pQlqQRYoQEkvC9xdbn+5Y="
  "resolved" "https://registry.npmjs.org/raw-body/-/raw-body-2.2.0.tgz"
  "version" "2.2.0"
  dependencies:
    "bytes" "2.4.0"
    "iconv-lite" "0.4.15"
    "unpipe" "1.0.0"

"send@0.14.2":
  "integrity" "sha1-ObBDiz9RC+Xcb2Z6EfcWiTaM3u8="
  "resolved" "https://registry.npmjs.org/send/-/send-0.14.2.tgz"
  "version" "0.14.2"
  dependencies:
    "debug" "~2.2.0"
    "depd" "~1.1.0"
    "destroy" "~1.0.4"
    "encodeurl" "~1.0.1"
    "escape-html" "~1.0.3"
    "etag" "~1.7.0"
    "fresh" "0.3.0"
    "http-errors" "~1.5.1"
    "mime" "1.3.4"
    "ms" "0.7.2"
    "on-finished" "~2.3.0"
    "range-parser" "~1.2.0"
    "statuses" "~1.3.1"

"serve-static@~1.11.2":
  "integrity" "sha1-LPmIm9RDWjIMw2iVyapXvWYuasc="
  "resolved" "https://registry.npmjs.org/serve-static/-/serve-static-1.11.2.tgz"
  "version" "1.11.2"
  dependencies:
    "encodeurl" "~1.0.1"
    "escape-html" "~1.0.3"
    "parseurl" "~1.3.1"
    "send" "0.14.2"

"setprototypeof@1.0.2":
  "integrity" "sha1-gaVSFB7BBLiOic44MQOtXGZWTQg="
  "resolved" "https://registry.npmjs.org/setprototypeof/-/setprototypeof-1.0.2.tgz"
  "version" "1.0.2"

"statuses@>= 1.3.1 < 2", "statuses@~1.3.1":
  "integrity" "sha1-+vUbnrdKrvOzrPStX2Gr8ky3uT4="
  "resolved" "https://registry.npmjs.org/statuses/-/statuses-1.3.1.tgz"
  "version" "1.3.1"

"type-is@~1.6.14":
  "integrity" "sha1-4hljnBfe0coHiQkt1UoDgmuBfLI="
  "resolved" "https://registry.npmjs.org/type-is/-/type-is-1.6.14.tgz"
  "version" "1.6.14"
  dependencies:
    "media-typer" "0.3.0"
    "mime-types" "~2.1.13"

"unpipe@~1.0.0", "unpipe@1.0.0":
  "integrity" "sha1-sr9O6FFKrmFltIF4KdIbLvSZBOw="
  "resolved" "https://registry.npmjs.org/unpipe/-/unpipe-1.0.0.tgz"
  "version" "1.0.0"

"utils-merge@1.0.0":
  "integrity" "sha1-ApT7kiu5N1FTVBxPcJYjHyh8ivg="
  "resolved" "https://registry.npmjs.org/utils-merge/-/utils-merge-1.0.0.tgz"
  "version" "1.0.0"

"vary@~1.1.0":
  "integrity" "sha1-4eWv+70WrnaN0mdDlLmtMCJlMUA="
  "resolved" "https://registry.npmjs.org/vary/-/vary-1.1.0.tgz"
  "version" "1.1.0"
